
Microsoft Visual Studio Solution File, Format Version 12.00
# Visual Studio 15
VisualStudioVersion = 15.0.27703.2042
MinimumVisualStudioVersion = 10.0.40219.1
Project("{FAE04EC0-301F-11D3-BF4B-00C04F79EFBC}") = "Turners.UserPortal", "TurnersUserPortal\Turners.UserPortal.csproj", "{9C7E1348-7EC5-479B-A1F8-6A4FBE47CE89}"
EndProject
Project("{FAE04EC0-301F-11D3-BF4B-00C04F79EFBC}") = "Turners.UserPortal.Service", "Turners.UserPortal.Service\Turners.UserPortal.Service.csproj", "{5BB50848-DAF5-41C8-A0CE-7C6EF62CE831}"
EndProject
Project("{FAE04EC0-301F-11D3-BF4B-00C04F79EFBC}") = "Turners.UserPortal.Domain", "Turners.UserPortal.Domain\Turners.UserPortal.Domain.csproj", "{61B29477-E982-47E4-A420-4AC2CE0EE5DA}"
EndProject
Project("{FAE04EC0-301F-11D3-BF4B-00C04F79EFBC}") = "Turners.UserPortal.Repository", "Turners.UserPortal.Repository\Turners.UserPortal.Repository.csproj", "{A87707C3-5203-4CEB-B7DF-8B0E4F587131}"
EndProject
Project("{FAE04EC0-301F-11D3-BF4B-00C04F79EFBC}") = "Turners.UserPortal.Helpers", "Turners.UserPortal.Helpers\Turners.UserPortal.Helpers.csproj", "{2336C9FF-1410-4981-A4ED-6CF436EA3513}"
EndProject
Global
	GlobalSection(SolutionConfigurationPlatforms) = preSolution
		Debug|Any CPU = Debug|Any CPU
		Release|Any CPU = Release|Any CPU
	EndGlobalSection
	GlobalSection(ProjectConfigurationPlatforms) = postSolution
		{9C7E1348-7EC5-479B-A1F8-6A4FBE47CE89}.Debug|Any CPU.ActiveCfg = Debug|Any CPU
		{9C7E1348-7EC5-479B-A1F8-6A4FBE47CE89}.Debug|Any CPU.Build.0 = Debug|Any CPU
		{9C7E1348-7EC5-479B-A1F8-6A4FBE47CE89}.Release|Any CPU.ActiveCfg = Release|Any CPU
		{9C7E1348-7EC5-479B-A1F8-6A4FBE47CE89}.Release|Any CPU.Build.0 = Release|Any CPU
		{5BB50848-DAF5-41C8-A0CE-7C6EF62CE831}.Debug|Any CPU.ActiveCfg = Debug|Any CPU
		{5BB50848-DAF5-41C8-A0CE-7C6EF62CE831}.Debug|Any CPU.Build.0 = Debug|Any CPU
		{5BB50848-DAF5-41C8-A0CE-7C6EF62CE831}.Release|Any CPU.ActiveCfg = Release|Any CPU
		{5BB50848-DAF5-41C8-A0CE-7C6EF62CE831}.Release|Any CPU.Build.0 = Release|Any CPU
		{61B29477-E982-47E4-A420-4AC2CE0EE5DA}.Debug|Any CPU.ActiveCfg = Debug|Any CPU
		{61B29477-E982-47E4-A420-4AC2CE0EE5DA}.Debug|Any CPU.Build.0 = Debug|Any CPU
		{61B29477-E982-47E4-A420-4AC2CE0EE5DA}.Release|Any CPU.ActiveCfg = Release|Any CPU
		{61B29477-E982-47E4-A420-4AC2CE0EE5DA}.Release|Any CPU.Build.0 = Release|Any CPU
		{A87707C3-5203-4CEB-B7DF-8B0E4F587131}.Debug|Any CPU.ActiveCfg = Debug|Any CPU
		{A87707C3-5203-4CEB-B7DF-8B0E4F587131}.Debug|Any CPU.Build.0 = Debug|Any CPU
		{A87707C3-5203-4CEB-B7DF-8B0E4F587131}.Release|Any CPU.ActiveCfg = Release|Any CPU
		{A87707C3-5203-4CEB-B7DF-8B0E4F587131}.Release|Any CPU.Build.0 = Release|Any CPU
		{2336C9FF-1410-4981-A4ED-6CF436EA3513}.Debug|Any CPU.ActiveCfg = Debug|Any CPU
		{2336C9FF-1410-4981-A4ED-6CF436EA3513}.Debug|Any CPU.Build.0 = Debug|Any CPU
		{2336C9FF-1410-4981-A4ED-6CF436EA3513}.Release|Any CPU.ActiveCfg = Release|Any CPU
		{2336C9FF-1410-4981-A4ED-6CF436EA3513}.Release|Any CPU.Build.0 = Release|Any CPU
	EndGlobalSection
	GlobalSection(SolutionProperties) = preSolution
		HideSolutionNode = FALSE
	EndGlobalSection
	GlobalSection(ExtensibilityGlobals) = postSolution
		SolutionGuid = {E0C8086B-3EAD-4905-A01B-D122CFDC02B3}
	EndGlobalSection
EndGlobal
